# THIS IS AN AUTOGENERATED FILE. DO NOT EDIT THIS FILE DIRECTLY.
# yarn lockfile v1


batch-processor@1.0.0:
  version "1.0.0"
  resolved "https://registry.npm.taobao.org/batch-processor/download/batch-processor-1.0.0.tgz#75c95c32b748e0850d10c2b168f6bdbe9891ace8"
  integrity sha1-dclcMrdI4IUNEMKxaPa9vpiRrOg=

element-resize-detector@^1.2.1:
  version "1.2.1"
  resolved "https://registry.npm.taobao.org/element-resize-detector/download/element-resize-detector-1.2.1.tgz#b0305194447a4863155e58f13323a0aef30851d1"
  integrity sha1-sDBRlER6SGMVXljxMyOgrvMIUdE=
  dependencies:
    batch-processor "1.0.0"
